// !$*UTF8*$!
{
	archiveVersion = 1;
	classes = {
	};
	objectVersion = 50;
	objects = {

/* Begin PBXBuildFile section */
		40164A17D88D2698A1D4FB1F /* Pods_MVVM_RxSwift_Demo.framework in Frameworks */ = {isa = PBXBuildFile; fileRef = B5A9F27039BCC101BB294F41 /* Pods_MVVM_RxSwift_Demo.framework */; };
		586D873B21FEEDD000318669 /* AppDelegate.swift in Sources */ = {isa = PBXBuildFile; fileRef = 586D873A21FEEDD000318669 /* AppDelegate.swift */; };
		586D873D21FEEDD000318669 /* ViewController.swift in Sources */ = {isa = PBXBuildFile; fileRef = 586D873C21FEEDD000318669 /* ViewController.swift */; };
		586D874021FEEDD000318669 /* Main.storyboard in Resources */ = {isa = PBXBuildFile; fileRef = 586D873E21FEEDD000318669 /* Main.storyboard */; };
		586D874221FEEDD300318669 /* Assets.xcassets in Resources */ = {isa = PBXBuildFile; fileRef = 586D874121FEEDD300318669 /* Assets.xcassets */; };
		586D874521FEEDD300318669 /* LaunchScreen.storyboard in Resources */ = {isa = PBXBuildFile; fileRef = 586D874321FEEDD300318669 /* LaunchScreen.storyboard */; };
		586D875021FEEEA300318669 /* Data.swift in Sources */ = {isa = PBXBuildFile; fileRef = 586D874F21FEEEA300318669 /* Data.swift */; };
		586D875321FEEEED00318669 /* ShowViewController.swift in Sources */ = {isa = PBXBuildFile; fileRef = 586D875221FEEEED00318669 /* ShowViewController.swift */; };
		586D875521FEEF2D00318669 /* AddTextViewController.swift in Sources */ = {isa = PBXBuildFile; fileRef = 586D875421FEEF2D00318669 /* AddTextViewController.swift */; };
		586D875721FEEF4500318669 /* DataViewModel.swift in Sources */ = {isa = PBXBuildFile; fileRef = 586D875621FEEF4500318669 /* DataViewModel.swift */; };
/* End PBXBuildFile section */

/* Begin PBXFileReference section */
		586D873721FEEDD000318669 /* MVVM-RxSwift-Demo.app */ = {isa = PBXFileReference; explicitFileType = wrapper.application; includeInIndex = 0; path = "MVVM-RxSwift-Demo.app"; sourceTree = BUILT_PRODUCTS_DIR; };
		586D873A21FEEDD000318669 /* AppDelegate.swift */ = {isa = PBXFileReference; lastKnownFileType = sourcecode.swift; path = AppDelegate.swift; sourceTree = "<group>"; };
		586D873C21FEEDD000318669 /* ViewController.swift */ = {isa = PBXFileReference; lastKnownFileType = sourcecode.swift; path = ViewController.swift; sourceTree = "<group>"; };
		586D873F21FEEDD000318669 /* Base */ = {isa = PBXFileReference; lastKnownFileType = file.storyboard; name = Base; path = Base.lproj/Main.storyboard; sourceTree = "<group>"; };
		586D874121FEEDD300318669 /* Assets.xcassets */ = {isa = PBXFileReference; lastKnownFileType = folder.assetcatalog; path = Assets.xcassets; sourceTree = "<group>"; };
		586D874421FEEDD300318669 /* Base */ = {isa = PBXFileReference; lastKnownFileType = file.storyboard; name = Base; path = Base.lproj/LaunchScreen.storyboard; sourceTree = "<group>"; };
		586D874621FEEDD300318669 /* Info.plist */ = {isa = PBXFileReference; lastKnownFileType = text.plist.xml; path = Info.plist; sourceTree = "<group>"; };
		586D874F21FEEEA300318669 /* Data.swift */ = {isa = PBXFileReference; lastKnownFileType = sourcecode.swift; path = Data.swift; sourceTree = "<group>"; };
		586D875221FEEEED00318669 /* ShowViewController.swift */ = {isa = PBXFileReference; lastKnownFileType = sourcecode.swift; path = ShowViewController.swift; sourceTree = "<group>"; };
		586D875421FEEF2D00318669 /* AddTextViewController.swift */ = {isa = PBXFileReference; lastKnownFileType = sourcecode.swift; path = AddTextViewController.swift; sourceTree = "<group>"; };
		586D875621FEEF4500318669 /* DataViewModel.swift */ = {isa = PBXFileReference; lastKnownFileType = sourcecode.swift; path = DataViewModel.swift; sourceTree = "<group>"; };
		6FC56DFC0EE0F94A1E38267B /* Pods-MVVM-RxSwift-Demo.debug.xcconfig */ = {isa = PBXFileReference; includeInIndex = 1; lastKnownFileType = text.xcconfig; name = "Pods-MVVM-RxSwift-Demo.debug.xcconfig"; path = "Pods/Target Support Files/Pods-MVVM-RxSwift-Demo/Pods-MVVM-RxSwift-Demo.debug.xcconfig"; sourceTree = "<group>"; };
		B5A9F27039BCC101BB294F41 /* Pods_MVVM_RxSwift_Demo.framework */ = {isa = PBXFileReference; explicitFileType = wrapper.framework; includeInIndex = 0; path = Pods_MVVM_RxSwift_Demo.framework; sourceTree = BUILT_PRODUCTS_DIR; };
		DAA41F7AECFA732486DAA0F2 /* Pods-MVVM-RxSwift-Demo.release.xcconfig */ = {isa = PBXFileReference; includeInIndex = 1; lastKnownFileType = text.xcconfig; name = "Pods-MVVM-RxSwift-Demo.release.xcconfig"; path = "Pods/Target Support Files/Pods-MVVM-RxSwift-Demo/Pods-MVVM-RxSwift-Demo.release.xcconfig"; sourceTree = "<group>"; };
/* End PBXFileReference section */

/* Begin PBXFrameworksBuildPhase section */
		586D873421FEEDD000318669 /* Frameworks */ = {
			isa = PBXFrameworksBuildPhase;
			buildActionMask = 2147483647;
			files = (
				40164A17D88D2698A1D4FB1F /* Pods_MVVM_RxSwift_Demo.framework in Frameworks */,
			);
			runOnlyForDeploymentPostprocessing = 0;
		};
/* End PBXFrameworksBuildPhase section */

/* Begin PBXGroup section */
		586D872E21FEEDD000318669 = {
			isa = PBXGroup;
			children = (
				586D873921FEEDD000318669 /* MVVM-RxSwift-Demo */,
				586D873821FEEDD000318669 /* Products */,
				66490BFF1397343DFEAE0C0C /* Pods */,
				ACA587C9B39A6B4B4FD69B48 /* Frameworks */,
			);
			sourceTree = "<group>";
		};
		586D873821FEEDD000318669 /* Products */ = {
			isa = PBXGroup;
			children = (
				586D873721FEEDD000318669 /* MVVM-RxSwift-Demo.app */,
			);
			name = Products;
			sourceTree = "<group>";
		};
		586D873921FEEDD000318669 /* MVVM-RxSwift-Demo */ = {
			isa = PBXGroup;
			children = (
				586D874E21FEEE9300318669 /* Model */,
				586D874D21FEEE8C00318669 /* View */,
				586D874C21FEEE7C00318669 /* ViewModel */,
				586D873A21FEEDD000318669 /* AppDelegate.swift */,
				586D873E21FEEDD000318669 /* Main.storyboard */,
				586D874121FEEDD300318669 /* Assets.xcassets */,
				586D874321FEEDD300318669 /* LaunchScreen.storyboard */,
				586D874621FEEDD300318669 /* Info.plist */,
			);
			path = "MVVM-RxSwift-Demo";
			sourceTree = "<group>";
		};
		586D874C21FEEE7C00318669 /* ViewModel */ = {
			isa = PBXGroup;
			children = (
				586D875621FEEF4500318669 /* DataViewModel.swift */,
			);
			path = ViewModel;
			sourceTree = "<group>";
		};
		586D874D21FEEE8C00318669 /* View */ = {
			isa = PBXGroup;
			children = (
				586D873C21FEEDD000318669 /* ViewController.swift */,
				586D875221FEEEED00318669 /* ShowViewController.swift */,
				586D875421FEEF2D00318669 /* AddTextViewController.swift */,
			);
			path = View;
			sourceTree = "<group>";
		};
		586D874E21FEEE9300318669 /* Model */ = {
			isa = PBXGroup;
			children = (
				586D874F21FEEEA300318669 /* Data.swift */,
			);
			path = Model;
			sourceTree = "<group>";
		};
		66490BFF1397343DFEAE0C0C /* Pods */ = {
			isa = PBXGroup;
			children = (
				6FC56DFC0EE0F94A1E38267B /* Pods-MVVM-RxSwift-Demo.debug.xcconfig */,
				DAA41F7AECFA732486DAA0F2 /* Pods-MVVM-RxSwift-Demo.release.xcconfig */,
			);
			name = Pods;
			sourceTree = "<group>";
		};
		ACA587C9B39A6B4B4FD69B48 /* Frameworks */ = {
			isa = PBXGroup;
			children = (
				B5A9F27039BCC101BB294F41 /* Pods_MVVM_RxSwift_Demo.framework */,
			);
			name = Frameworks;
			sourceTree = "<group>";
		};
/* End PBXGroup section */

/* Begin PBXNativeTarget section */
		586D873621FEEDD000318669 /* MVVM-RxSwift-Demo */ = {
			isa = PBXNativeTarget;
			buildConfigurationList = 586D874921FEEDD300318669 /* Build configuration list for PBXNativeTarget "MVVM-RxSwift-Demo" */;
			buildPhases = (
				CE240DD4D30E1719B5950015 /* [CP] Check Pods Manifest.lock */,
				586D873321FEEDD000318669 /* Sources */,
				586D873421FEEDD000318669 /* Frameworks */,
				586D873521FEEDD000318669 /* Resources */,
				05D8AA7A79A4A27D684F2A0D /* [CP] Embed Pods Frameworks */,
			);
			buildRules = (
			);
			dependencies = (
			);
			name = "MVVM-RxSwift-Demo";
			productName = "MVVM-RxSwift-Demo";
			productReference = 586D873721FEEDD000318669 /* MVVM-RxSwift-Demo.app */;
			productType = "com.apple.product-type.application";
		};
/* End PBXNativeTarget section */

/* Begin PBXProject section */
		586D872F21FEEDD000318669 /* Project object */ = {
			isa = PBXProject;
			attributes = {
				LastSwiftUpdateCheck = 1010;
				LastUpgradeCheck = 1010;
				ORGANIZATIONNAME = Ice;
				TargetAttributes = {
					586D873621FEEDD000318669 = {
						CreatedOnToolsVersion = 10.1;
					};
				};
			};
			buildConfigurationList = 586D873221FEEDD000318669 /* Build configuration list for PBXProject "MVVM-RxSwift-Demo" */;
			compatibilityVersion = "Xcode 9.3";
			developmentRegion = en;
			hasScannedForEncodings = 0;
			knownRegions = (
				en,
				Base,
			);
			mainGroup = 586D872E21FEEDD000318669;
			productRefGroup = 586D873821FEEDD000318669 /* Products */;
			projectDirPath = "";
			projectRoot = "";
			targets = (
				586D873621FEEDD000318669 /* MVVM-RxSwift-Demo */,
			);
		};
/* End PBXProject section */

/* Begin PBXResourcesBuildPhase section */
		586D873521FEEDD000318669 /* Resources */ = {
			isa = PBXResourcesBuildPhase;
			buildActionMask = 2147483647;
			files = (
				586D874521FEEDD300318669 /* LaunchScreen.storyboard in Resources */,
				586D874221FEEDD300318669 /* Assets.xcassets in Resources */,
				586D874021FEEDD000318669 /* Main.storyboard in Resources */,
			);
			runOnlyForDeploymentPostprocessing = 0;
		};
/* End PBXResourcesBuildPhase section */

/* Begin PBXShellScriptBuildPhase section */
		05D8AA7A79A4A27D684F2A0D /* [CP] Embed Pods Frameworks */ = {
			isa = PBXShellScriptBuildPhase;
			buildActionMask = 2147483647;
			files = (
			);
			inputFileListPaths = (
			);
			inputPaths = (
				"${SRCROOT}/Pods/Target Support Files/Pods-MVVM-RxSwift-Demo/Pods-MVVM-RxSwift-Demo-frameworks.sh",
				"${BUILT_PRODUCTS_DIR}/RxAtomic/RxAtomic.framework",
				"${BUILT_PRODUCTS_DIR}/RxCocoa/RxCocoa.framework",
				"${BUILT_PRODUCTS_DIR}/RxSwift/RxSwift.framework",
			);
			name = "[CP] Embed Pods Frameworks";
			outputFileListPaths = (
			);
			outputPaths = (
				"${TARGET_BUILD_DIR}/${FRAMEWORKS_FOLDER_PATH}/RxAtomic.framework",
				"${TARGET_BUILD_DIR}/${FRAMEWORKS_FOLDER_PATH}/RxCocoa.framework",
				"${TARGET_BUILD_DIR}/${FRAMEWORKS_FOLDER_PATH}/RxSwift.framework",
			);
			runOnlyForDeploymentPostprocessing = 0;
			shellPath = /bin/sh;
			shellScript = "\"${SRCROOT}/Pods/Target Support Files/Pods-MVVM-RxSwift-Demo/Pods-MVVM-RxSwift-Demo-frameworks.sh\"\n";
			showEnvVarsInLog = 0;
		};
		CE240DD4D30E1719B5950015 /* [CP] Check Pods Manifest.lock */ = {
			isa = PBXShellScriptBuildPhase;
			buildActionMask = 2147483647;
			files = (
			);
			inputFileListPaths = (
			);
			inputPaths = (
				"${PODS_PODFILE_DIR_PATH}/Podfile.lock",
				"${PODS_ROOT}/Manifest.lock",
			);
			name = "[CP] Check Pods Manifest.lock";
			outputFileListPaths = (
			);
			outputPaths = (
				"$(DERIVED_FILE_DIR)/Pods-MVVM-RxSwift-Demo-checkManifestLockResult.txt",
			);
			runOnlyForDeploymentPostprocessing = 0;
			shellPath = /bin/sh;
			shellScript = "diff \"${PODS_PODFILE_DIR_PATH}/Podfile.lock\" \"${PODS_ROOT}/Manifest.lock\" > /dev/null\nif [ $? != 0 ] ; then\n    # print error to STDERR\n    echo \"error: The sandbox is not in sync with the Podfile.lock. Run 'pod install' or update your CocoaPods installation.\" >&2\n    exit 1\nfi\n# This output is used by Xcode 'outputs' to avoid re-running this script phase.\necho \"SUCCESS\" > \"${SCRIPT_OUTPUT_FILE_0}\"\n";
			showEnvVarsInLog = 0;
		};
/* End PBXShellScriptBuildPhase section */

/* Begin PBXSourcesBuildPhase section */
		586D873321FEEDD000318669 /* Sources */ = {
			isa = PBXSourcesBuildPhase;
			buildActionMask = 2147483647;
			files = (
				586D873D21FEEDD000318669 /* ViewController.swift in Sources */,
				586D875021FEEEA300318669 /* Data.swift in Sources */,
				586D875721FEEF4500318669 /* DataViewModel.swift in Sources */,
				586D873B21FEEDD000318669 /* AppDelegate.swift in Sources */,
				586D875521FEEF2D00318669 /* AddTextViewController.swift in Sources */,
				586D875321FEEEED00318669 /* ShowViewController.swift in Sources */,
			);
			runOnlyForDeploymentPostprocessing = 0;
		};
/* End PBXSourcesBuildPhase section */

/* Begin PBXVariantGroup section */
		586D873E21FEEDD000318669 /* Main.storyboard */ = {
			isa = PBXVariantGroup;
			children = (
				586D873F21FEEDD000318669 /* Base */,
			);
			name = Main.storyboard;
			sourceTree = "<group>";
		};
		586D874321FEEDD300318669 /* LaunchScreen.storyboard */ = {
			isa = PBXVariantGroup;
			children = (
				586D874421FEEDD300318669 /* Base */,
			);
			name = LaunchScreen.storyboard;
			sourceTree = "<group>";
		};
/* End PBXVariantGroup section */

/* Begin XCBuildConfiguration section */
		586D874721FEEDD300318669 /* Debug */ = {
			isa = XCBuildConfiguration;
			buildSettings = {
				ALWAYS_SEARCH_USER_PATHS = NO;
				CLANG_ANALYZER_NONNULL = YES;
				CLANG_ANALYZER_NUMBER_OBJECT_CONVERSION = YES_AGGRESSIVE;
				CLANG_CXX_LANGUAGE_STANDARD = "gnu++14";
				CLANG_CXX_LIBRARY = "libc++";
				CLANG_ENABLE_MODULES = YES;
				CLANG_ENABLE_OBJC_ARC = YES;
				CLANG_ENABLE_OBJC_WEAK = YES;
				CLANG_WARN_BLOCK_CAPTURE_AUTORELEASING = YES;
				CLANG_WARN_BOOL_CONVERSION = YES;
				CLANG_WARN_COMMA = YES;
				CLANG_WARN_CONSTANT_CONVERSION = YES;
				CLANG_WARN_DEPRECATED_OBJC_IMPLEMENTATIONS = YES;
				CLANG_WARN_DIRECT_OBJC_ISA_USAGE = YES_ERROR;
				CLANG_WARN_DOCUMENTATION_COMMENTS = YES;
				CLANG_WARN_EMPTY_BODY = YES;
				CLANG_WARN_ENUM_CONVERSION = YES;
				CLANG_WARN_INFINITE_RECURSION = YES;
				CLANG_WARN_INT_CONVERSION = YES;
				CLANG_WARN_NON_LITERAL_NULL_CONVERSION = YES;
				CLANG_WARN_OBJC_IMPLICIT_RETAIN_SELF = YES;
				CLANG_WARN_OBJC_LITERAL_CONVERSION = YES;
				CLANG_WARN_OBJC_ROOT_CLASS = YES_ERROR;
				CLANG_WARN_RANGE_LOOP_ANALYSIS = YES;
				CLANG_WARN_STRICT_PROTOTYPES = YES;
				CLANG_WARN_SUSPICIOUS_MOVE = YES;
				CLANG_WARN_UNGUARDED_AVAILABILITY = YES_AGGRESSIVE;
				CLANG_WARN_UNREACHABLE_CODE = YES;
				CLANG_WARN__DUPLICATE_METHOD_MATCH = YES;
				CODE_SIGN_IDENTITY = "iPhone Developer";
				COPY_PHASE_STRIP = NO;
				DEBUG_INFORMATION_FORMAT = dwarf;
				ENABLE_STRICT_OBJC_MSGSEND = YES;
				ENABLE_TESTABILITY = YES;
				GCC_C_LANGUAGE_STANDARD = gnu11;
				GCC_DYNAMIC_NO_PIC = NO;
				GCC_NO_COMMON_BLOCKS = YES;
				GCC_OPTIMIZATION_LEVEL = 0;
				GCC_PREPROCESSOR_DEFINITIONS = (
					"DEBUG=1",
					"$(inherited)",
				);
				GCC_WARN_64_TO_32_BIT_CONVERSION = YES;
				GCC_WARN_ABOUT_RETURN_TYPE = YES_ERROR;
				GCC_WARN_UNDECLARED_SELECTOR = YES;
				GCC_WARN_UNINITIALIZED_AUTOS = YES_AGGRESSIVE;
				GCC_WARN_UNUSED_FUNCTION = YES;
				GCC_WARN_UNUSED_VARIABLE = YES;
				IPHONEOS_DEPLOYMENT_TARGET = 12.1;
				MTL_ENABLE_DEBUG_INFO = INCLUDE_SOURCE;
				MTL_FAST_MATH = YES;
				ONLY_ACTIVE_ARCH = YES;
				SDKROOT = iphoneos;
				SWIFT_ACTIVE_COMPILATION_CONDITIONS = DEBUG;
				SWIFT_OPTIMIZATION_LEVEL = "-Onone";
			};
			name = Debug;
		};
		586D874821FEEDD300318669 /* Release */ = {
			isa = XCBuildConfiguration;
			buildSettings = {
				ALWAYS_SEARCH_USER_PATHS = NO;
				CLANG_ANALYZER_NONNULL = YES;
				CLANG_ANALYZER_NUMBER_OBJECT_CONVERSION = YES_AGGRESSIVE;
				CLANG_CXX_LANGUAGE_STANDARD = "gnu++14";
				CLANG_CXX_LIBRARY = "libc++";
				CLANG_ENABLE_MODULES = YES;
				CLANG_ENABLE_OBJC_ARC = YES;
				CLANG_ENABLE_OBJC_WEAK = YES;
				CLANG_WARN_BLOCK_CAPTURE_AUTORELEASING = YES;
				CLANG_WARN_BOOL_CONVERSION = YES;
				CLANG_WARN_COMMA = YES;
				CLANG_WARN_CONSTANT_CONVERSION = YES;
				CLANG_WARN_DEPRECATED_OBJC_IMPLEMENTATIONS = YES;
				CLANG_WARN_DIRECT_OBJC_ISA_USAGE = YES_ERROR;
				CLANG_WARN_DOCUMENTATION_COMMENTS = YES;
				CLANG_WARN_EMPTY_BODY = YES;
				CLANG_WARN_ENUM_CONVERSION = YES;
				CLANG_WARN_INFINITE_RECURSION = YES;
				CLANG_WARN_INT_CONVERSION = YES;
				CLANG_WARN_NON_LITERAL_NULL_CONVERSION = YES;
				CLANG_WARN_OBJC_IMPLICIT_RETAIN_SELF = YES;
				CLANG_WARN_OBJC_LITERAL_CONVERSION = YES;
				CLANG_WARN_OBJC_ROOT_CLASS = YES_ERROR;
				CLANG_WARN_RANGE_LOOP_ANALYSIS = YES;
				CLANG_WARN_STRICT_PROTOTYPES = YES;
				CLANG_WARN_SUSPICIOUS_MOVE = YES;
				CLANG_WARN_UNGUARDED_AVAILABILITY = YES_AGGRESSIVE;
				CLANG_WARN_UNREACHABLE_CODE = YES;
				CLANG_WARN__DUPLICATE_METHOD_MATCH = YES;
				CODE_SIGN_IDENTITY = "iPhone Developer";
				COPY_PHASE_STRIP = NO;
				DEBUG_INFORMATION_FORMAT = "dwarf-with-dsym";
				ENABLE_NS_ASSERTIONS = NO;
				ENABLE_STRICT_OBJC_MSGSEND = YES;
				GCC_C_LANGUAGE_STANDARD = gnu11;
				GCC_NO_COMMON_BLOCKS = YES;
				GCC_WARN_64_TO_32_BIT_CONVERSION = YES;
				GCC_WARN_ABOUT_RETURN_TYPE = YES_ERROR;
				GCC_WARN_UNDECLARED_SELECTOR = YES;
				GCC_WARN_UNINITIALIZED_AUTOS = YES_AGGRESSIVE;
				GCC_WARN_UNUSED_FUNCTION = YES;
				GCC_WARN_UNUSED_VARIABLE = YES;
				IPHONEOS_DEPLOYMENT_TARGET = 12.1;
				MTL_ENABLE_DEBUG_INFO = NO;
				MTL_FAST_MATH = YES;
				SDKROOT = iphoneos;
				SWIFT_COMPILATION_MODE = wholemodule;
				SWIFT_OPTIMIZATION_LEVEL = "-O";
				VALIDATE_PRODUCT = YES;
			};
			name = Release;
		};
		586D874A21FEEDD300318669 /* Debug */ = {
			isa = XCBuildConfiguration;
			baseConfigurationReference = 6FC56DFC0EE0F94A1E38267B /* Pods-MVVM-RxSwift-Demo.debug.xcconfig */;
			buildSettings = {
				ASSETCATALOG_COMPILER_APPICON_NAME = AppIcon;
				CODE_SIGN_STYLE = Automatic;
				INFOPLIST_FILE = "MVVM-RxSwift-Demo/Info.plist";
				LD_RUNPATH_SEARCH_PATHS = (
					"$(inherited)",
					"@executable_path/Frameworks",
				);
				PRODUCT_BUNDLE_IDENTIFIER = "com.intapp.MVVM-RxSwift-Demo";
				PRODUCT_NAME = "$(TARGET_NAME)";
				SWIFT_VERSION = 4.2;
				TARGETED_DEVICE_FAMILY = "1,2";
			};
			name = Debug;
		};
		586D874B21FEEDD300318669 /* Release */ = {
			isa = XCBuildConfiguration;
			baseConfigurationReference = DAA41F7AECFA732486DAA0F2 /* Pods-MVVM-RxSwift-Demo.release.xcconfig */;
			buildSettings = {
				ASSETCATALOG_COMPILER_APPICON_NAME = AppIcon;
				CODE_SIGN_STYLE = Automatic;
				INFOPLIST_FILE = "MVVM-RxSwift-Demo/Info.plist";
				LD_RUNPATH_SEARCH_PATHS = (
					"$(inherited)",
					"@executable_path/Frameworks",
				);
				PRODUCT_BUNDLE_IDENTIFIER = "com.intapp.MVVM-RxSwift-Demo";
				PRODUCT_NAME = "$(TARGET_NAME)";
				SWIFT_VERSION = 4.2;
				TARGETED_DEVICE_FAMILY = "1,2";
			};
			name = Release;
		};
/* End XCBuildConfiguration section */

/* Begin XCConfigurationList section */
		586D873221FEEDD000318669 /* Build configuration list for PBXProject "MVVM-RxSwift-Demo" */ = {
			isa = XCConfigurationList;
			buildConfigurations = (
				586D874721FEEDD300318669 /* Debug */,
				586D874821FEEDD300318669 /* Release */,
			);
			defaultConfigurationIsVisible = 0;
			defaultConfigurationName = Release;
		};
		586D874921FEEDD300318669 /* Build configuration list for PBXNativeTarget "MVVM-RxSwift-Demo" */ = {
			isa = XCConfigurationList;
			buildConfigurations = (
				586D874A21FEEDD300318669 /* Debug */,
				586D874B21FEEDD300318669 /* Release */,
			);
			defaultConfigurationIsVisible = 0;
			defaultConfigurationName = Release;
		};
/* End XCConfigurationList section */
	};
	rootObject = 586D872F21FEEDD000318669 /* Project object */;
}
